// !$*UTF8*$!
{
	archiveVersion = 1;
	classes = {
	};
	objectVersion = 50;
	objects = {

/* Begin PBXBuildFile section */
		F358592F28004C7300E3C597 /* AppDelegate.swift in Sources */ = {isa = PBXBuildFile; fileRef = F358592E28004C7300E3C597 /* AppDelegate.swift */; };
		F358593128004C7300E3C597 /* SceneDelegate.swift in Sources */ = {isa = PBXBuildFile; fileRef = F358593028004C7300E3C597 /* SceneDelegate.swift */; };
		F358593328004C7300E3C597 /* RoomListViewController.swift in Sources */ = {isa = PBXBuildFile; fileRef = F358593228004C7300E3C597 /* RoomListViewController.swift */; };
		F358593628004C7300E3C597 /* Onboarding.storyboard in Resources */ = {isa = PBXBuildFile; fileRef = F358593428004C7300E3C597 /* Onboarding.storyboard */; };
		F358593828004C7400E3C597 /* Assets.xcassets in Resources */ = {isa = PBXBuildFile; fileRef = F358593728004C7400E3C597 /* Assets.xcassets */; };
		F358593B28004C7400E3C597 /* LaunchScreen.storyboard in Resources */ = {isa = PBXBuildFile; fileRef = F358593928004C7400E3C597 /* LaunchScreen.storyboard */; };
		F358594628004C7400E3C597 /* SquadTests.swift in Sources */ = {isa = PBXBuildFile; fileRef = F358594528004C7400E3C597 /* SquadTests.swift */; };
		F358595128004C7400E3C597 /* SquadUITests.swift in Sources */ = {isa = PBXBuildFile; fileRef = F358595028004C7400E3C597 /* SquadUITests.swift */; };
		F35859CF2800770800E3C597 /* Localizable.strings in Resources */ = {isa = PBXBuildFile; fileRef = F35859D12800770800E3C597 /* Localizable.strings */; };
		F35859D92800780500E3C597 /* StringExtension.swift in Sources */ = {isa = PBXBuildFile; fileRef = F35859D82800780500E3C597 /* StringExtension.swift */; };
		F35859DB28007ACC00E3C597 /* People.swift in Sources */ = {isa = PBXBuildFile; fileRef = F35859DA28007ACC00E3C597 /* People.swift */; };
		F35859DC28007ACC00E3C597 /* People.swift in Sources */ = {isa = PBXBuildFile; fileRef = F35859DA28007ACC00E3C597 /* People.swift */; };
		F35859DD28007ACC00E3C597 /* People.swift in Sources */ = {isa = PBXBuildFile; fileRef = F35859DA28007ACC00E3C597 /* People.swift */; };
		F35859DF28007CDD00E3C597 /* Room.swift in Sources */ = {isa = PBXBuildFile; fileRef = F35859DE28007CDD00E3C597 /* Room.swift */; };
		F35859E028007CDD00E3C597 /* Room.swift in Sources */ = {isa = PBXBuildFile; fileRef = F35859DE28007CDD00E3C597 /* Room.swift */; };
		F35859E128007CDD00E3C597 /* Room.swift in Sources */ = {isa = PBXBuildFile; fileRef = F35859DE28007CDD00E3C597 /* Room.swift */; };
		F35859E4280083EF00E3C597 /* People.json in Resources */ = {isa = PBXBuildFile; fileRef = F35859E3280083EF00E3C597 /* People.json */; };
		F35859E5280083EF00E3C597 /* People.json in Resources */ = {isa = PBXBuildFile; fileRef = F35859E3280083EF00E3C597 /* People.json */; };
		F35859E6280083EF00E3C597 /* People.json in Resources */ = {isa = PBXBuildFile; fileRef = F35859E3280083EF00E3C597 /* People.json */; };
		F35859E8280083FC00E3C597 /* Room.json in Resources */ = {isa = PBXBuildFile; fileRef = F35859E7280083FC00E3C597 /* Room.json */; };
		F35859E9280083FC00E3C597 /* Room.json in Resources */ = {isa = PBXBuildFile; fileRef = F35859E7280083FC00E3C597 /* Room.json */; };
		F35859EA280083FC00E3C597 /* Room.json in Resources */ = {isa = PBXBuildFile; fileRef = F35859E7280083FC00E3C597 /* Room.json */; };
		F35859EC280087CC00E3C597 /* PeopleListViewModel.swift in Sources */ = {isa = PBXBuildFile; fileRef = F35859EB280087CC00E3C597 /* PeopleListViewModel.swift */; };
		F35859ED280087CC00E3C597 /* PeopleListViewModel.swift in Sources */ = {isa = PBXBuildFile; fileRef = F35859EB280087CC00E3C597 /* PeopleListViewModel.swift */; };
		F35859EE280087CC00E3C597 /* PeopleListViewModel.swift in Sources */ = {isa = PBXBuildFile; fileRef = F35859EB280087CC00E3C597 /* PeopleListViewModel.swift */; };
		F35859F0280087ED00E3C597 /* RoomViewModel.swift in Sources */ = {isa = PBXBuildFile; fileRef = F35859EF280087ED00E3C597 /* RoomViewModel.swift */; };
		F35859F1280087ED00E3C597 /* RoomViewModel.swift in Sources */ = {isa = PBXBuildFile; fileRef = F35859EF280087ED00E3C597 /* RoomViewModel.swift */; };
		F35859F2280087ED00E3C597 /* RoomViewModel.swift in Sources */ = {isa = PBXBuildFile; fileRef = F35859EF280087ED00E3C597 /* RoomViewModel.swift */; };
		F35859F928008F0E00E3C597 /* PeopleListViewController.swift in Sources */ = {isa = PBXBuildFile; fileRef = F35859F828008F0E00E3C597 /* PeopleListViewController.swift */; };
		F35859FA28008F0E00E3C597 /* PeopleListViewController.swift in Sources */ = {isa = PBXBuildFile; fileRef = F35859F828008F0E00E3C597 /* PeopleListViewController.swift */; };
		F35859FB28008F0E00E3C597 /* PeopleListViewController.swift in Sources */ = {isa = PBXBuildFile; fileRef = F35859F828008F0E00E3C597 /* PeopleListViewController.swift */; };
		F35859FE280090BB00E3C597 /* NetworkManager.swift in Sources */ = {isa = PBXBuildFile; fileRef = F35859FD280090BB00E3C597 /* NetworkManager.swift */; };
		F35859FF280090BB00E3C597 /* NetworkManager.swift in Sources */ = {isa = PBXBuildFile; fileRef = F35859FD280090BB00E3C597 /* NetworkManager.swift */; };
		F3585A00280090BB00E3C597 /* NetworkManager.swift in Sources */ = {isa = PBXBuildFile; fileRef = F35859FD280090BB00E3C597 /* NetworkManager.swift */; };
		F3585A03280092B000E3C597 /* SquadError.swift in Sources */ = {isa = PBXBuildFile; fileRef = F3585A02280092B000E3C597 /* SquadError.swift */; };
		F3585A04280092B000E3C597 /* SquadError.swift in Sources */ = {isa = PBXBuildFile; fileRef = F3585A02280092B000E3C597 /* SquadError.swift */; };
		F3585A05280092B000E3C597 /* SquadError.swift in Sources */ = {isa = PBXBuildFile; fileRef = F3585A02280092B000E3C597 /* SquadError.swift */; };
		F3585A072800987000E3C597 /* BundleExtension.swift in Sources */ = {isa = PBXBuildFile; fileRef = F3585A062800987000E3C597 /* BundleExtension.swift */; };
		F3585A082800987000E3C597 /* BundleExtension.swift in Sources */ = {isa = PBXBuildFile; fileRef = F3585A062800987000E3C597 /* BundleExtension.swift */; };
		F3585A092800987000E3C597 /* BundleExtension.swift in Sources */ = {isa = PBXBuildFile; fileRef = F3585A062800987000E3C597 /* BundleExtension.swift */; };
		F3585A0C2800996C00E3C597 /* AppConstants.swift in Sources */ = {isa = PBXBuildFile; fileRef = F3585A0B2800996C00E3C597 /* AppConstants.swift */; };
		F3585A0D2800996C00E3C597 /* AppConstants.swift in Sources */ = {isa = PBXBuildFile; fileRef = F3585A0B2800996C00E3C597 /* AppConstants.swift */; };
		F3585A0E2800996C00E3C597 /* AppConstants.swift in Sources */ = {isa = PBXBuildFile; fileRef = F3585A0B2800996C00E3C597 /* AppConstants.swift */; };
		F3585A142800FE5800E3C597 /* DateFormatterExtension.swift in Sources */ = {isa = PBXBuildFile; fileRef = F3585A132800FE5800E3C597 /* DateFormatterExtension.swift */; };
		F3585A152800FE5800E3C597 /* DateFormatterExtension.swift in Sources */ = {isa = PBXBuildFile; fileRef = F3585A132800FE5800E3C597 /* DateFormatterExtension.swift */; };
		F3585A162800FE5800E3C597 /* DateFormatterExtension.swift in Sources */ = {isa = PBXBuildFile; fileRef = F3585A132800FE5800E3C597 /* DateFormatterExtension.swift */; };
		F3585A1C28016F7B00E3C597 /* SplashScreenViewController.swift in Sources */ = {isa = PBXBuildFile; fileRef = F3585A1B28016F7B00E3C597 /* SplashScreenViewController.swift */; };
		F3585A1D28016F7B00E3C597 /* SplashScreenViewController.swift in Sources */ = {isa = PBXBuildFile; fileRef = F3585A1B28016F7B00E3C597 /* SplashScreenViewController.swift */; };
		F3585A1E28016F7B00E3C597 /* SplashScreenViewController.swift in Sources */ = {isa = PBXBuildFile; fileRef = F3585A1B28016F7B00E3C597 /* SplashScreenViewController.swift */; };
		F3585A712802CA2F00E3C597 /* SquadTabBarViewController.swift in Sources */ = {isa = PBXBuildFile; fileRef = F3585A702802CA2F00E3C597 /* SquadTabBarViewController.swift */; };
		F3585A722802CA2F00E3C597 /* SquadTabBarViewController.swift in Sources */ = {isa = PBXBuildFile; fileRef = F3585A702802CA2F00E3C597 /* SquadTabBarViewController.swift */; };
		F3585A732802CA2F00E3C597 /* SquadTabBarViewController.swift in Sources */ = {isa = PBXBuildFile; fileRef = F3585A702802CA2F00E3C597 /* SquadTabBarViewController.swift */; };
		F3585A752802CAC800E3C597 /* SquadNavigationController.swift in Sources */ = {isa = PBXBuildFile; fileRef = F3585A742802CAC800E3C597 /* SquadNavigationController.swift */; };
		F3585A762802CAC800E3C597 /* SquadNavigationController.swift in Sources */ = {isa = PBXBuildFile; fileRef = F3585A742802CAC800E3C597 /* SquadNavigationController.swift */; };
		F3585A772802CAC800E3C597 /* SquadNavigationController.swift in Sources */ = {isa = PBXBuildFile; fileRef = F3585A742802CAC800E3C597 /* SquadNavigationController.swift */; };
		F3585A792802DA6300E3C597 /* StoryboardExtension.swift in Sources */ = {isa = PBXBuildFile; fileRef = F3585A782802DA6300E3C597 /* StoryboardExtension.swift */; };
		F3585A7A2802DA6300E3C597 /* StoryboardExtension.swift in Sources */ = {isa = PBXBuildFile; fileRef = F3585A782802DA6300E3C597 /* StoryboardExtension.swift */; };
		F3585A7B2802DA6300E3C597 /* StoryboardExtension.swift in Sources */ = {isa = PBXBuildFile; fileRef = F3585A782802DA6300E3C597 /* StoryboardExtension.swift */; };
		F3585A7D2802DC9A00E3C597 /* Room.storyboard in Resources */ = {isa = PBXBuildFile; fileRef = F3585A7C2802DC9A00E3C597 /* Room.storyboard */; };
		F3585A7E2802DC9A00E3C597 /* Room.storyboard in Resources */ = {isa = PBXBuildFile; fileRef = F3585A7C2802DC9A00E3C597 /* Room.storyboard */; };
		F3585A7F2802DC9A00E3C597 /* Room.storyboard in Resources */ = {isa = PBXBuildFile; fileRef = F3585A7C2802DC9A00E3C597 /* Room.storyboard */; };
		F3585A812802DCAE00E3C597 /* People.storyboard in Resources */ = {isa = PBXBuildFile; fileRef = F3585A802802DCAE00E3C597 /* People.storyboard */; };
		F3585A822802DCAE00E3C597 /* People.storyboard in Resources */ = {isa = PBXBuildFile; fileRef = F3585A802802DCAE00E3C597 /* People.storyboard */; };
		F3585A832802DCAE00E3C597 /* People.storyboard in Resources */ = {isa = PBXBuildFile; fileRef = F3585A802802DCAE00E3C597 /* People.storyboard */; };
		F3585A852802E4A100E3C597 /* UIViewControllerExtension.swift in Sources */ = {isa = PBXBuildFile; fileRef = F3585A842802E4A100E3C597 /* UIViewControllerExtension.swift */; };
		F3585A862802E4A100E3C597 /* UIViewControllerExtension.swift in Sources */ = {isa = PBXBuildFile; fileRef = F3585A842802E4A100E3C597 /* UIViewControllerExtension.swift */; };
		F3585A872802E4A100E3C597 /* UIViewControllerExtension.swift in Sources */ = {isa = PBXBuildFile; fileRef = F3585A842802E4A100E3C597 /* UIViewControllerExtension.swift */; };
		F3585A8B28030A8900E3C597 /* RoomListViewController.swift in Sources */ = {isa = PBXBuildFile; fileRef = F358593228004C7300E3C597 /* RoomListViewController.swift */; };
		F3585A8C28030A8900E3C597 /* RoomListViewController.swift in Sources */ = {isa = PBXBuildFile; fileRef = F358593228004C7300E3C597 /* RoomListViewController.swift */; };
		F3585A8E280324C000E3C597 /* Box.swift in Sources */ = {isa = PBXBuildFile; fileRef = F3585A8D280324BF00E3C597 /* Box.swift */; };
		F3585A8F280324C000E3C597 /* Box.swift in Sources */ = {isa = PBXBuildFile; fileRef = F3585A8D280324BF00E3C597 /* Box.swift */; };
		F3585A90280324C000E3C597 /* Box.swift in Sources */ = {isa = PBXBuildFile; fileRef = F3585A8D280324BF00E3C597 /* Box.swift */; };
		F3585A9228032BF800E3C597 /* PeopleTableViewCell.swift in Sources */ = {isa = PBXBuildFile; fileRef = F3585A9128032BF800E3C597 /* PeopleTableViewCell.swift */; };
		F3585A9328032BF800E3C597 /* PeopleTableViewCell.swift in Sources */ = {isa = PBXBuildFile; fileRef = F3585A9128032BF800E3C597 /* PeopleTableViewCell.swift */; };
		F3585A9428032BF800E3C597 /* PeopleTableViewCell.swift in Sources */ = {isa = PBXBuildFile; fileRef = F3585A9128032BF800E3C597 /* PeopleTableViewCell.swift */; };
		F3585A962803300D00E3C597 /* UITableViewExtension.swift in Sources */ = {isa = PBXBuildFile; fileRef = F3585A952803300D00E3C597 /* UITableViewExtension.swift */; };
		F3585A972803300D00E3C597 /* UITableViewExtension.swift in Sources */ = {isa = PBXBuildFile; fileRef = F3585A952803300D00E3C597 /* UITableViewExtension.swift */; };
		F3585A982803300D00E3C597 /* UITableViewExtension.swift in Sources */ = {isa = PBXBuildFile; fileRef = F3585A952803300D00E3C597 /* UITableViewExtension.swift */; };
		F385D47828044C4F009E3698 /* RoomCollectionViewCell.swift in Sources */ = {isa = PBXBuildFile; fileRef = F385D47728044C4F009E3698 /* RoomCollectionViewCell.swift */; };
		F385D47928044C51009E3698 /* RoomCollectionViewCell.swift in Sources */ = {isa = PBXBuildFile; fileRef = F385D47728044C4F009E3698 /* RoomCollectionViewCell.swift */; };
		F385D47A28044C51009E3698 /* RoomCollectionViewCell.swift in Sources */ = {isa = PBXBuildFile; fileRef = F385D47728044C4F009E3698 /* RoomCollectionViewCell.swift */; };
		F385D47D280479D2009E3698 /* UIViewExtension.swift in Sources */ = {isa = PBXBuildFile; fileRef = F385D47C280479D2009E3698 /* UIViewExtension.swift */; };
		F385D48728049CA0009E3698 /* PeopleDetailViewController.swift in Sources */ = {isa = PBXBuildFile; fileRef = F385D48628049CA0009E3698 /* PeopleDetailViewController.swift */; };
		F385D48828049CA0009E3698 /* PeopleDetailViewController.swift in Sources */ = {isa = PBXBuildFile; fileRef = F385D48628049CA0009E3698 /* PeopleDetailViewController.swift */; };
		F385D48928049CA0009E3698 /* PeopleDetailViewController.swift in Sources */ = {isa = PBXBuildFile; fileRef = F385D48628049CA0009E3698 /* PeopleDetailViewController.swift */; };
		F385D48F2804A014009E3698 /* PeopleViewModel.swift in Sources */ = {isa = PBXBuildFile; fileRef = F385D48E2804A014009E3698 /* PeopleViewModel.swift */; };
		F385D4902804A014009E3698 /* PeopleViewModel.swift in Sources */ = {isa = PBXBuildFile; fileRef = F385D48E2804A014009E3698 /* PeopleViewModel.swift */; };
		F385D4912804A014009E3698 /* PeopleViewModel.swift in Sources */ = {isa = PBXBuildFile; fileRef = F385D48E2804A014009E3698 /* PeopleViewModel.swift */; };
		F385D4942804B6BD009E3698 /* MainAppCoordinator.swift in Sources */ = {isa = PBXBuildFile; fileRef = F385D4932804B6BD009E3698 /* MainAppCoordinator.swift */; };
		F385D4952804B6BD009E3698 /* MainAppCoordinator.swift in Sources */ = {isa = PBXBuildFile; fileRef = F385D4932804B6BD009E3698 /* MainAppCoordinator.swift */; };
		F385D4962804B6BD009E3698 /* MainAppCoordinator.swift in Sources */ = {isa = PBXBuildFile; fileRef = F385D4932804B6BD009E3698 /* MainAppCoordinator.swift */; };
		F3B8049C2803431600BAC810 /* SquadStyle.framework in Frameworks */ = {isa = PBXBuildFile; fileRef = F358598728004F4700E3C597 /* SquadStyle.framework */; };
		F3B8049D2803431600BAC810 /* SquadStyle.framework in Embed Frameworks */ = {isa = PBXBuildFile; fileRef = F358598728004F4700E3C597 /* SquadStyle.framework */; settings = {ATTRIBUTES = (CodeSignOnCopy, RemoveHeadersOnCopy, ); }; };
		F3B96C56280344AA00BFEA22 /* SquadComponent.framework in Frameworks */ = {isa = PBXBuildFile; fileRef = F35859AF2800523800E3C597 /* SquadComponent.framework */; };
		F3B96C57280344AA00BFEA22 /* SquadComponent.framework in Embed Frameworks */ = {isa = PBXBuildFile; fileRef = F35859AF2800523800E3C597 /* SquadComponent.framework */; settings = {ATTRIBUTES = (CodeSignOnCopy, RemoveHeadersOnCopy, ); }; };
		F3D25F2528035B5700C13FCF /* UICollectionViewExtension.swift in Sources */ = {isa = PBXBuildFile; fileRef = F3D25F2428035B5700C13FCF /* UICollectionViewExtension.swift */; };
		F3D25F2628035B5700C13FCF /* UICollectionViewExtension.swift in Sources */ = {isa = PBXBuildFile; fileRef = F3D25F2428035B5700C13FCF /* UICollectionViewExtension.swift */; };
		F3D25F2728035B5700C13FCF /* UICollectionViewExtension.swift in Sources */ = {isa = PBXBuildFile; fileRef = F3D25F2428035B5700C13FCF /* UICollectionViewExtension.swift */; };
		F3ED55612804DC2A00721649 /* UIApplicationExtension.swift in Sources */ = {isa = PBXBuildFile; fileRef = F3ED55602804DC2A00721649 /* UIApplicationExtension.swift */; };
		F3ED55622804DC2A00721649 /* UIApplicationExtension.swift in Sources */ = {isa = PBXBuildFile; fileRef = F3ED55602804DC2A00721649 /* UIApplicationExtension.swift */; };
		F3ED55632804DC2A00721649 /* UIApplicationExtension.swift in Sources */ = {isa = PBXBuildFile; fileRef = F3ED55602804DC2A00721649 /* UIApplicationExtension.swift */; };
		F3ED55652804DC4500721649 /* Launcher.swift in Sources */ = {isa = PBXBuildFile; fileRef = F3ED55642804DC4500721649 /* Launcher.swift */; };
		F3ED55662804DC4500721649 /* Launcher.swift in Sources */ = {isa = PBXBuildFile; fileRef = F3ED55642804DC4500721649 /* Launcher.swift */; };
		F3ED55672804DC4500721649 /* Launcher.swift in Sources */ = {isa = PBXBuildFile; fileRef = F3ED55642804DC4500721649 /* Launcher.swift */; };
		F3ED55692804DC9A00721649 /* SquadRouter.swift in Sources */ = {isa = PBXBuildFile; fileRef = F3ED55682804DC9A00721649 /* SquadRouter.swift */; };
		F3ED556A2804DC9A00721649 /* SquadRouter.swift in Sources */ = {isa = PBXBuildFile; fileRef = F3ED55682804DC9A00721649 /* SquadRouter.swift */; };
		F3ED556B2804DC9A00721649 /* SquadRouter.swift in Sources */ = {isa = PBXBuildFile; fileRef = F3ED55682804DC9A00721649 /* SquadRouter.swift */; };
		F3ED5576280546B600721649 /* SquadBaseViewController.swift in Sources */ = {isa = PBXBuildFile; fileRef = F3ED5575280546B600721649 /* SquadBaseViewController.swift */; };
		F3ED5577280546B600721649 /* SquadBaseViewController.swift in Sources */ = {isa = PBXBuildFile; fileRef = F3ED5575280546B600721649 /* SquadBaseViewController.swift */; };
		F3ED5578280546B600721649 /* SquadBaseViewController.swift in Sources */ = {isa = PBXBuildFile; fileRef = F3ED5575280546B600721649 /* SquadBaseViewController.swift */; };
/* End PBXBuildFile section */

/* Begin PBXContainerItemProxy section */
		F358594228004C7400E3C597 /* PBXContainerItemProxy */ = {
			isa = PBXContainerItemProxy;
			containerPortal = F358592328004C7300E3C597 /* Project object */;
			proxyType = 1;
			remoteGlobalIDString = F358592A28004C7300E3C597;
			remoteInfo = Squad;
		};
		F358594D28004C7400E3C597 /* PBXContainerItemProxy */ = {
			isa = PBXContainerItemProxy;
			containerPortal = F358592328004C7300E3C597 /* Project object */;
			proxyType = 1;
			remoteGlobalIDString = F358592A28004C7300E3C597;
			remoteInfo = Squad;
		};
/* End PBXContainerItemProxy section */

/* Begin PBXCopyFilesBuildPhase section */
		F3B8049B2803431400BAC810 /* Embed Frameworks */ = {
			isa = PBXCopyFilesBuildPhase;
			buildActionMask = 2147483647;
			dstPath = "";
			dstSubfolderSpec = 10;
			files = (
				F3B8049D2803431600BAC810 /* SquadStyle.framework in Embed Frameworks */,
				F3B96C57280344AA00BFEA22 /* SquadComponent.framework in Embed Frameworks */,
			);
			name = "Embed Frameworks";
			runOnlyForDeploymentPostprocessing = 0;
		};
/* End PBXCopyFilesBuildPhase section */

/* Begin PBXFileReference section */
		F358592B28004C7300E3C597 /* Squad.app */ = {isa = PBXFileReference; explicitFileType = wrapper.application; includeInIndex = 0; path = Squad.app; sourceTree = BUILT_PRODUCTS_DIR; };
		F358592E28004C7300E3C597 /* AppDelegate.swift */ = {isa = PBXFileReference; lastKnownFileType = sourcecode.swift; path = AppDelegate.swift; sourceTree = "<group>"; };
		F358593028004C7300E3C597 /* SceneDelegate.swift */ = {isa = PBXFileReference; lastKnownFileType = sourcecode.swift; path = SceneDelegate.swift; sourceTree = "<group>"; };
		F358593228004C7300E3C597 /* RoomListViewController.swift */ = {isa = PBXFileReference; lastKnownFileType = sourcecode.swift; path = RoomListViewController.swift; sourceTree = "<group>"; };
		F358593528004C7300E3C597 /* Base */ = {isa = PBXFileReference; lastKnownFileType = file.storyboard; name = Base; path = Base.lproj/Onboarding.storyboard; sourceTree = "<group>"; };
		F358593728004C7400E3C597 /* Assets.xcassets */ = {isa = PBXFileReference; lastKnownFileType = folder.assetcatalog; path = Assets.xcassets; sourceTree = "<group>"; };
		F358593A28004C7400E3C597 /* Base */ = {isa = PBXFileReference; lastKnownFileType = file.storyboard; name = Base; path = Base.lproj/LaunchScreen.storyboard; sourceTree = "<group>"; };
		F358593C28004C7400E3C597 /* Info.plist */ = {isa = PBXFileReference; lastKnownFileType = text.plist.xml; path = Info.plist; sourceTree = "<group>"; };
		F358594128004C7400E3C597 /* SquadTests.xctest */ = {isa = PBXFileReference; explicitFileType = wrapper.cfbundle; includeInIndex = 0; path = SquadTests.xctest; sourceTree = BUILT_PRODUCTS_DIR; };
		F358594528004C7400E3C597 /* SquadTests.swift */ = {isa = PBXFileReference; lastKnownFileType = sourcecode.swift; path = SquadTests.swift; sourceTree = "<group>"; };
		F358594728004C7400E3C597 /* Info.plist */ = {isa = PBXFileReference; lastKnownFileType = text.plist.xml; path = Info.plist; sourceTree = "<group>"; };
		F358594C28004C7400E3C597 /* SquadUITests.xctest */ = {isa = PBXFileReference; explicitFileType = wrapper.cfbundle; includeInIndex = 0; path = SquadUITests.xctest; sourceTree = BUILT_PRODUCTS_DIR; };
		F358595028004C7400E3C597 /* SquadUITests.swift */ = {isa = PBXFileReference; lastKnownFileType = sourcecode.swift; path = SquadUITests.swift; sourceTree = "<group>"; };
		F358595228004C7400E3C597 /* Info.plist */ = {isa = PBXFileReference; lastKnownFileType = text.plist.xml; path = Info.plist; sourceTree = "<group>"; };
		F358598728004F4700E3C597 /* SquadStyle.framework */ = {isa = PBXFileReference; explicitFileType = wrapper.framework; path = SquadStyle.framework; sourceTree = BUILT_PRODUCTS_DIR; };
		F35859AF2800523800E3C597 /* SquadComponent.framework */ = {isa = PBXFileReference; explicitFileType = wrapper.framework; path = SquadComponent.framework; sourceTree = BUILT_PRODUCTS_DIR; };
		F35859D02800770800E3C597 /* en */ = {isa = PBXFileReference; lastKnownFileType = text.plist.strings; name = en; path = en.lproj/Localizable.strings; sourceTree = "<group>"; };
		F35859D82800780500E3C597 /* StringExtension.swift */ = {isa = PBXFileReference; lastKnownFileType = sourcecode.swift; path = StringExtension.swift; sourceTree = "<group>"; };
		F35859DA28007ACC00E3C597 /* People.swift */ = {isa = PBXFileReference; lastKnownFileType = sourcecode.swift; path = People.swift; sourceTree = "<group>"; };
		F35859DE28007CDD00E3C597 /* Room.swift */ = {isa = PBXFileReference; lastKnownFileType = sourcecode.swift; path = Room.swift; sourceTree = "<group>"; };
		F35859E3280083EF00E3C597 /* People.json */ = {isa = PBXFileReference; lastKnownFileType = text.json; path = People.json; sourceTree = "<group>"; };
		F35859E7280083FC00E3C597 /* Room.json */ = {isa = PBXFileReference; lastKnownFileType = text.json; path = Room.json; sourceTree = "<group>"; };
		F35859EB280087CC00E3C597 /* PeopleListViewModel.swift */ = {isa = PBXFileReference; lastKnownFileType = sourcecode.swift; path = PeopleListViewModel.swift; sourceTree = "<group>"; };
		F35859EF280087ED00E3C597 /* RoomViewModel.swift */ = {isa = PBXFileReference; lastKnownFileType = sourcecode.swift; path = RoomViewModel.swift; sourceTree = "<group>"; };
		F35859F828008F0E00E3C597 /* PeopleListViewController.swift */ = {isa = PBXFileReference; lastKnownFileType = sourcecode.swift; path = PeopleListViewController.swift; sourceTree = "<group>"; };
		F35859FD280090BB00E3C597 /* NetworkManager.swift */ = {isa = PBXFileReference; lastKnownFileType = sourcecode.swift; path = NetworkManager.swift; sourceTree = "<group>"; };
		F3585A02280092B000E3C597 /* SquadError.swift */ = {isa = PBXFileReference; lastKnownFileType = sourcecode.swift; path = SquadError.swift; sourceTree = "<group>"; };
		F3585A062800987000E3C597 /* BundleExtension.swift */ = {isa = PBXFileReference; lastKnownFileType = sourcecode.swift; path = BundleExtension.swift; sourceTree = "<group>"; };
		F3585A0B2800996C00E3C597 /* AppConstants.swift */ = {isa = PBXFileReference; lastKnownFileType = sourcecode.swift; path = AppConstants.swift; sourceTree = "<group>"; };
		F3585A132800FE5800E3C597 /* DateFormatterExtension.swift */ = {isa = PBXFileReference; lastKnownFileType = sourcecode.swift; path = DateFormatterExtension.swift; sourceTree = "<group>"; };
		F3585A1B28016F7B00E3C597 /* SplashScreenViewController.swift */ = {isa = PBXFileReference; lastKnownFileType = sourcecode.swift; path = SplashScreenViewController.swift; sourceTree = "<group>"; };
		F3585A3A2802A82600E3C597 /* libTestStyle.a */ = {isa = PBXFileReference; explicitFileType = archive.ar; path = libTestStyle.a; sourceTree = BUILT_PRODUCTS_DIR; };
		F3585A702802CA2F00E3C597 /* SquadTabBarViewController.swift */ = {isa = PBXFileReference; lastKnownFileType = sourcecode.swift; path = SquadTabBarViewController.swift; sourceTree = "<group>"; };
		F3585A742802CAC800E3C597 /* SquadNavigationController.swift */ = {isa = PBXFileReference; lastKnownFileType = sourcecode.swift; path = SquadNavigationController.swift; sourceTree = "<group>"; };
		F3585A782802DA6300E3C597 /* StoryboardExtension.swift */ = {isa = PBXFileReference; lastKnownFileType = sourcecode.swift; path = StoryboardExtension.swift; sourceTree = "<group>"; };
		F3585A7C2802DC9A00E3C597 /* Room.storyboard */ = {isa = PBXFileReference; lastKnownFileType = file.storyboard; path = Room.storyboard; sourceTree = "<group>"; };
		F3585A802802DCAE00E3C597 /* People.storyboard */ = {isa = PBXFileReference; lastKnownFileType = file.storyboard; path = People.storyboard; sourceTree = "<group>"; };
		F3585A842802E4A100E3C597 /* UIViewControllerExtension.swift */ = {isa = PBXFileReference; lastKnownFileType = sourcecode.swift; path = UIViewControllerExtension.swift; sourceTree = "<group>"; };
		F3585A8D280324BF00E3C597 /* Box.swift */ = {isa = PBXFileReference; lastKnownFileType = sourcecode.swift; path = Box.swift; sourceTree = "<group>"; };
		F3585A9128032BF800E3C597 /* PeopleTableViewCell.swift */ = {isa = PBXFileReference; lastKnownFileType = sourcecode.swift; path = PeopleTableViewCell.swift; sourceTree = "<group>"; };
		F3585A952803300D00E3C597 /* UITableViewExtension.swift */ = {isa = PBXFileReference; lastKnownFileType = sourcecode.swift; path = UITableViewExtension.swift; sourceTree = "<group>"; };
		F385D47728044C4F009E3698 /* RoomCollectionViewCell.swift */ = {isa = PBXFileReference; lastKnownFileType = sourcecode.swift; path = RoomCollectionViewCell.swift; sourceTree = "<group>"; };
		F385D47C280479D2009E3698 /* UIViewExtension.swift */ = {isa = PBXFileReference; lastKnownFileType = sourcecode.swift; path = UIViewExtension.swift; sourceTree = "<group>"; };
		F385D48628049CA0009E3698 /* PeopleDetailViewController.swift */ = {isa = PBXFileReference; lastKnownFileType = sourcecode.swift; path = PeopleDetailViewController.swift; sourceTree = "<group>"; };
		F385D48E2804A014009E3698 /* PeopleViewModel.swift */ = {isa = PBXFileReference; lastKnownFileType = sourcecode.swift; path = PeopleViewModel.swift; sourceTree = "<group>"; };
		F385D4932804B6BD009E3698 /* MainAppCoordinator.swift */ = {isa = PBXFileReference; lastKnownFileType = sourcecode.swift; path = MainAppCoordinator.swift; sourceTree = "<group>"; };
		F3D25F2428035B5700C13FCF /* UICollectionViewExtension.swift */ = {isa = PBXFileReference; lastKnownFileType = sourcecode.swift; path = UICollectionViewExtension.swift; sourceTree = "<group>"; };
		F3ED55602804DC2A00721649 /* UIApplicationExtension.swift */ = {isa = PBXFileReference; lastKnownFileType = sourcecode.swift; path = UIApplicationExtension.swift; sourceTree = "<group>"; };
		F3ED55642804DC4500721649 /* Launcher.swift */ = {isa = PBXFileReference; lastKnownFileType = sourcecode.swift; path = Launcher.swift; sourceTree = "<group>"; };
		F3ED55682804DC9A00721649 /* SquadRouter.swift */ = {isa = PBXFileReference; lastKnownFileType = sourcecode.swift; path = SquadRouter.swift; sourceTree = "<group>"; };
		F3ED5575280546B600721649 /* SquadBaseViewController.swift */ = {isa = PBXFileReference; lastKnownFileType = sourcecode.swift; path = SquadBaseViewController.swift; sourceTree = "<group>"; };
/* End PBXFileReference section */

/* Begin PBXFrameworksBuildPhase section */
		F358592828004C7300E3C597 /* Frameworks */ = {
			isa = PBXFrameworksBuildPhase;
			buildActionMask = 2147483647;
			files = (
				F3B8049C2803431600BAC810 /* SquadStyle.framework in Frameworks */,
				F3B96C56280344AA00BFEA22 /* SquadComponent.framework in Frameworks */,
			);
			runOnlyForDeploymentPostprocessing = 0;
		};
		F358593E28004C7400E3C597 /* Frameworks */ = {
			isa = PBXFrameworksBuildPhase;
			buildActionMask = 2147483647;
			files = (
			);
			runOnlyForDeploymentPostprocessing = 0;
		};
		F358594928004C7400E3C597 /* Frameworks */ = {
			isa = PBXFrameworksBuildPhase;
			buildActionMask = 2147483647;
			files = (
			);
			runOnlyForDeploymentPostprocessing = 0;
		};
/* End PBXFrameworksBuildPhase section */

/* Begin PBXGroup section */
		F358592228004C7300E3C597 = {
			isa = PBXGroup;
			children = (
				F358592D28004C7300E3C597 /* Squad */,
				F358594428004C7400E3C597 /* SquadTests */,
				F358594F28004C7400E3C597 /* SquadUITests */,
				F358592C28004C7300E3C597 /* Products */,
				F358598628004F4700E3C597 /* Frameworks */,
			);
			sourceTree = "<group>";
		};
		F358592C28004C7300E3C597 /* Products */ = {
			isa = PBXGroup;
			children = (
				F358592B28004C7300E3C597 /* Squad.app */,
				F358594128004C7400E3C597 /* SquadTests.xctest */,
				F358594C28004C7400E3C597 /* SquadUITests.xctest */,
			);
			name = Products;
			sourceTree = "<group>";
		};
		F358592D28004C7300E3C597 /* Squad */ = {
			isa = PBXGroup;
			children = (
				F358592E28004C7300E3C597 /* AppDelegate.swift */,
				F358593028004C7300E3C597 /* SceneDelegate.swift */,
				F385D4922804B695009E3698 /* Coordinator */,
				F35859F328008E3900E3C597 /* Features */,
				F35859B3280054DE00E3C597 /* Model */,
				F35859FC280090A800E3C597 /* Manager */,
				F35859B52800555900E3C597 /* Resources */,
				F35859B62800556100E3C597 /* Utiles */,
				F358593928004C7400E3C597 /* LaunchScreen.storyboard */,
				F358593C28004C7400E3C597 /* Info.plist */,
				F35859E2280083A800E3C597 /* TestData */,
				F35859D52800777700E3C597 /* Localization */,
			);
			path = Squad;
			sourceTree = "<group>";
		};
		F358594428004C7400E3C597 /* SquadTests */ = {
			isa = PBXGroup;
			children = (
				F358594528004C7400E3C597 /* SquadTests.swift */,
				F358594728004C7400E3C597 /* Info.plist */,
			);
			path = SquadTests;
			sourceTree = "<group>";
		};
		F358594F28004C7400E3C597 /* SquadUITests */ = {
			isa = PBXGroup;
			children = (
				F358595028004C7400E3C597 /* SquadUITests.swift */,
				F358595228004C7400E3C597 /* Info.plist */,
			);
			path = SquadUITests;
			sourceTree = "<group>";
		};
		F358598628004F4700E3C597 /* Frameworks */ = {
			isa = PBXGroup;
			children = (
				F3585A3A2802A82600E3C597 /* libTestStyle.a */,
				F35859AF2800523800E3C597 /* SquadComponent.framework */,
				F358598728004F4700E3C597 /* SquadStyle.framework */,
			);
			name = Frameworks;
			sourceTree = "<group>";
		};
		F35859B2280054D600E3C597 /* View */ = {
			isa = PBXGroup;
			children = (
				F358593228004C7300E3C597 /* RoomListViewController.swift */,
				F385D47728044C4F009E3698 /* RoomCollectionViewCell.swift */,
				F3585A7C2802DC9A00E3C597 /* Room.storyboard */,
			);
			path = View;
			sourceTree = "<group>";
		};
		F35859B3280054DE00E3C597 /* Model */ = {
			isa = PBXGroup;
			children = (
				F35859DA28007ACC00E3C597 /* People.swift */,
				F35859DE28007CDD00E3C597 /* Room.swift */,
				F3585A02280092B000E3C597 /* SquadError.swift */,
			);
			path = Model;
			sourceTree = "<group>";
		};
		F35859B4280054E500E3C597 /* ViewModel */ = {
			isa = PBXGroup;
			children = (
				F35859EF280087ED00E3C597 /* RoomViewModel.swift */,
			);
			path = ViewModel;
			sourceTree = "<group>";
		};
		F35859B52800555900E3C597 /* Resources */ = {
			isa = PBXGroup;
			children = (
				F358593728004C7400E3C597 /* Assets.xcassets */,
			);
			path = Resources;
			sourceTree = "<group>";
		};
		F35859B62800556100E3C597 /* Utiles */ = {
			isa = PBXGroup;
			children = (
				F3585A0A280098A500E3C597 /* Constants */,
				F35859D7280077ED00E3C597 /* Extensions */,
				F3585A8D280324BF00E3C597 /* Box.swift */,
			);
			path = Utiles;
			sourceTree = "<group>";
		};
		F35859D52800777700E3C597 /* Localization */ = {
			isa = PBXGroup;
			children = (
				F35859D12800770800E3C597 /* Localizable.strings */,
			);
			path = Localization;
			sourceTree = "<group>";
		};
		F35859D7280077ED00E3C597 /* Extensions */ = {
			isa = PBXGroup;
			children = (
				F35859D82800780500E3C597 /* StringExtension.swift */,
				F3585A062800987000E3C597 /* BundleExtension.swift */,
				F3585A132800FE5800E3C597 /* DateFormatterExtension.swift */,
				F3585A782802DA6300E3C597 /* StoryboardExtension.swift */,
				F3585A842802E4A100E3C597 /* UIViewControllerExtension.swift */,
				F3585A952803300D00E3C597 /* UITableViewExtension.swift */,
				F3D25F2428035B5700C13FCF /* UICollectionViewExtension.swift */,
				F385D47C280479D2009E3698 /* UIViewExtension.swift */,
				F3ED55602804DC2A00721649 /* UIApplicationExtension.swift */,
			);
			path = Extensions;
			sourceTree = "<group>";
		};
		F35859E2280083A800E3C597 /* TestData */ = {
			isa = PBXGroup;
			children = (
				F35859E3280083EF00E3C597 /* People.json */,
				F35859E7280083FC00E3C597 /* Room.json */,
			);
			path = TestData;
			sourceTree = "<group>";
		};
		F35859F328008E3900E3C597 /* Features */ = {
			isa = PBXGroup;
			children = (
				F3ED55742805469700721649 /* Base */,
				F3585A1928016F2200E3C597 /* OnBoarding */,
				F35859F528008E5E00E3C597 /* Room */,
				F35859F428008E5300E3C597 /* People */,
			);
			path = Features;
			sourceTree = "<group>";
		};
		F35859F428008E5300E3C597 /* People */ = {
			isa = PBXGroup;
			children = (
				F385D48B28049F74009E3698 /* PeopleDetails */,
				F385D48A28049F6C009E3698 /* PeopleList */,
			);
			path = People;
			sourceTree = "<group>";
		};
		F35859F528008E5E00E3C597 /* Room */ = {
			isa = PBXGroup;
			children = (
				F35859B2280054D600E3C597 /* View */,
				F35859B4280054E500E3C597 /* ViewModel */,
			);
			path = Room;
			sourceTree = "<group>";
		};
		F35859F628008E8600E3C597 /* View */ = {
			isa = PBXGroup;
			children = (
				F35859F828008F0E00E3C597 /* PeopleListViewController.swift */,
				F3585A9128032BF800E3C597 /* PeopleTableViewCell.swift */,
			);
			path = View;
			sourceTree = "<group>";
		};
		F35859F728008E8C00E3C597 /* ViewModel */ = {
			isa = PBXGroup;
			children = (
				F35859EB280087CC00E3C597 /* PeopleListViewModel.swift */,
			);
			path = ViewModel;
			sourceTree = "<group>";
		};
		F35859FC280090A800E3C597 /* Manager */ = {
			isa = PBXGroup;
			children = (
				F35859FD280090BB00E3C597 /* NetworkManager.swift */,
			);
			path = Manager;
			sourceTree = "<group>";
		};
		F3585A0A280098A500E3C597 /* Constants */ = {
			isa = PBXGroup;
			children = (
				F3585A0B2800996C00E3C597 /* AppConstants.swift */,
			);
			path = Constants;
			sourceTree = "<group>";
		};
		F3585A1728016EE600E3C597 /* SplashScreen */ = {
			isa = PBXGroup;
			children = (
				F3585A1B28016F7B00E3C597 /* SplashScreenViewController.swift */,
			);
			path = SplashScreen;
			sourceTree = "<group>";
		};
		F3585A1828016EFD00E3C597 /* TabBar */ = {
			isa = PBXGroup;
			children = (
				F3585A702802CA2F00E3C597 /* SquadTabBarViewController.swift */,
			);
			path = TabBar;
			sourceTree = "<group>";
		};
		F3585A1928016F2200E3C597 /* OnBoarding */ = {
			isa = PBXGroup;
			children = (
				F3585A1A28016F4400E3C597 /* View */,
				F3585A1728016EE600E3C597 /* SplashScreen */,
				F3585A1828016EFD00E3C597 /* TabBar */,
				F3585A742802CAC800E3C597 /* SquadNavigationController.swift */,
			);
			path = OnBoarding;
			sourceTree = "<group>";
		};
		F3585A1A28016F4400E3C597 /* View */ = {
			isa = PBXGroup;
			children = (
				F358593428004C7300E3C597 /* Onboarding.storyboard */,
			);
			path = View;
			sourceTree = "<group>";
		};
		F385D48A28049F6C009E3698 /* PeopleList */ = {
			isa = PBXGroup;
			children = (
				F35859F628008E8600E3C597 /* View */,
				F35859F728008E8C00E3C597 /* ViewModel */,
			);
			path = PeopleList;
			sourceTree = "<group>";
		};
		F385D48B28049F74009E3698 /* PeopleDetails */ = {
			isa = PBXGroup;
			children = (
				F3585A802802DCAE00E3C597 /* People.storyboard */,
				F385D48C28049F87009E3698 /* View */,
				F385D48D28049F9B009E3698 /* ViewModel */,
			);
			path = PeopleDetails;
			sourceTree = "<group>";
		};
		F385D48C28049F87009E3698 /* View */ = {
			isa = PBXGroup;
			children = (
				F385D48628049CA0009E3698 /* PeopleDetailViewController.swift */,
			);
			path = View;
			sourceTree = "<group>";
		};
		F385D48D28049F9B009E3698 /* ViewModel */ = {
			isa = PBXGroup;
			children = (
				F385D48E2804A014009E3698 /* PeopleViewModel.swift */,
			);
			path = ViewModel;
			sourceTree = "<group>";
		};
		F385D4922804B695009E3698 /* Coordinator */ = {
			isa = PBXGroup;
			children = (
				F3ED55642804DC4500721649 /* Launcher.swift */,
				F3ED55682804DC9A00721649 /* SquadRouter.swift */,
				F385D4932804B6BD009E3698 /* MainAppCoordinator.swift */,
			);
			path = Coordinator;
			sourceTree = "<group>";
		};
		F3ED55742805469700721649 /* Base */ = {
			isa = PBXGroup;
			children = (
				F3ED5575280546B600721649 /* SquadBaseViewController.swift */,
			);
			path = Base;
			sourceTree = "<group>";
		};
/* End PBXGroup section */

/* Begin PBXNativeTarget section */
		F358592A28004C7300E3C597 /* Squad */ = {
			isa = PBXNativeTarget;
			buildConfigurationList = F358595528004C7400E3C597 /* Build configuration list for PBXNativeTarget "Squad" */;
			buildPhases = (
				F358592728004C7300E3C597 /* Sources */,
				F358592828004C7300E3C597 /* Frameworks */,
				F358592928004C7300E3C597 /* Resources */,
				F3B8049B2803431400BAC810 /* Embed Frameworks */,
			);
			buildRules = (
			);
			dependencies = (
			);
			name = Squad;
			productName = Squad;
			productReference = F358592B28004C7300E3C597 /* Squad.app */;
			productType = "com.apple.product-type.application";
		};
		F358594028004C7400E3C597 /* SquadTests */ = {
			isa = PBXNativeTarget;
			buildConfigurationList = F358595828004C7400E3C597 /* Build configuration list for PBXNativeTarget "SquadTests" */;
			buildPhases = (
				F358593D28004C7400E3C597 /* Sources */,
				F358593E28004C7400E3C597 /* Frameworks */,
				F358593F28004C7400E3C597 /* Resources */,
			);
			buildRules = (
			);
			dependencies = (
				F358594328004C7400E3C597 /* PBXTargetDependency */,
			);
			name = SquadTests;
			productName = SquadTests;
			productReference = F358594128004C7400E3C597 /* SquadTests.xctest */;
			productType = "com.apple.product-type.bundle.unit-test";
		};
		F358594B28004C7400E3C597 /* SquadUITests */ = {
			isa = PBXNativeTarget;
			buildConfigurationList = F358595B28004C7400E3C597 /* Build configuration list for PBXNativeTarget "SquadUITests" */;
			buildPhases = (
				F358594828004C7400E3C597 /* Sources */,
				F358594928004C7400E3C597 /* Frameworks */,
				F358594A28004C7400E3C597 /* Resources */,
			);
			buildRules = (
			);
			dependencies = (
				F358594E28004C7400E3C597 /* PBXTargetDependency */,
			);
			name = SquadUITests;
			productName = SquadUITests;
			productReference = F358594C28004C7400E3C597 /* SquadUITests.xctest */;
			productType = "com.apple.product-type.bundle.ui-testing";
		};
/* End PBXNativeTarget section */

/* Begin PBXProject section */
		F358592328004C7300E3C597 /* Project object */ = {
			isa = PBXProject;
			attributes = {
				LastSwiftUpdateCheck = 1250;
				LastUpgradeCheck = 1250;
				TargetAttributes = {
					F358592A28004C7300E3C597 = {
						CreatedOnToolsVersion = 12.5.1;
					};
					F358594028004C7400E3C597 = {
						CreatedOnToolsVersion = 12.5.1;
						TestTargetID = F358592A28004C7300E3C597;
					};
					F358594B28004C7400E3C597 = {
						CreatedOnToolsVersion = 12.5.1;
						TestTargetID = F358592A28004C7300E3C597;
					};
				};
			};
			buildConfigurationList = F358592628004C7300E3C597 /* Build configuration list for PBXProject "Squad" */;
			compatibilityVersion = "Xcode 9.3";
			developmentRegion = en;
			hasScannedForEncodings = 0;
			knownRegions = (
				en,
				Base,
			);
			mainGroup = F358592228004C7300E3C597;
			productRefGroup = F358592C28004C7300E3C597 /* Products */;
			projectDirPath = "";
			projectRoot = "";
			targets = (
				F358592A28004C7300E3C597 /* Squad */,
				F358594028004C7400E3C597 /* SquadTests */,
				F358594B28004C7400E3C597 /* SquadUITests */,
			);
		};
/* End PBXProject section */

/* Begin PBXResourcesBuildPhase section */
		F358592928004C7300E3C597 /* Resources */ = {
			isa = PBXResourcesBuildPhase;
			buildActionMask = 2147483647;
			files = (
				F358593B28004C7400E3C597 /* LaunchScreen.storyboard in Resources */,
				F35859CF2800770800E3C597 /* Localizable.strings in Resources */,
				F35859E4280083EF00E3C597 /* People.json in Resources */,
				F358593828004C7400E3C597 /* Assets.xcassets in Resources */,
				F3585A7D2802DC9A00E3C597 /* Room.storyboard in Resources */,
				F3585A812802DCAE00E3C597 /* People.storyboard in Resources */,
				F35859E8280083FC00E3C597 /* Room.json in Resources */,
				F358593628004C7300E3C597 /* Onboarding.storyboard in Resources */,
			);
			runOnlyForDeploymentPostprocessing = 0;
		};
		F358593F28004C7400E3C597 /* Resources */ = {
			isa = PBXResourcesBuildPhase;
			buildActionMask = 2147483647;
			files = (
				F3585A7E2802DC9A00E3C597 /* Room.storyboard in Resources */,
				F3585A822802DCAE00E3C597 /* People.storyboard in Resources */,
				F35859E9280083FC00E3C597 /* Room.json in Resources */,
				F35859E5280083EF00E3C597 /* People.json in Resources */,
			);
			runOnlyForDeploymentPostprocessing = 0;
		};
		F358594A28004C7400E3C597 /* Resources */ = {
			isa = PBXResourcesBuildPhase;
			buildActionMask = 2147483647;
			files = (
				F3585A7F2802DC9A00E3C597 /* Room.storyboard in Resources */,
				F3585A832802DCAE00E3C597 /* People.storyboard in Resources */,
				F35859EA280083FC00E3C597 /* Room.json in Resources */,
				F35859E6280083EF00E3C597 /* People.json in Resources */,
			);
			runOnlyForDeploymentPostprocessing = 0;
		};
/* End PBXResourcesBuildPhase section */

/* Begin PBXSourcesBuildPhase section */
		F358592728004C7300E3C597 /* Sources */ = {
			isa = PBXSourcesBuildPhase;
			buildActionMask = 2147483647;
			files = (
				F3585A752802CAC800E3C597 /* SquadNavigationController.swift in Sources */,
				F3ED55692804DC9A00721649 /* SquadRouter.swift in Sources */,
				F35859D92800780500E3C597 /* StringExtension.swift in Sources */,
				F35859F928008F0E00E3C597 /* PeopleListViewController.swift in Sources */,
				F3D25F2528035B5700C13FCF /* UICollectionViewExtension.swift in Sources */,
				F35859FE280090BB00E3C597 /* NetworkManager.swift in Sources */,
				F3585A792802DA6300E3C597 /* StoryboardExtension.swift in Sources */,
				F3585A962803300D00E3C597 /* UITableViewExtension.swift in Sources */,
				F3ED55652804DC4500721649 /* Launcher.swift in Sources */,
				F3585A712802CA2F00E3C597 /* SquadTabBarViewController.swift in Sources */,
				F358593328004C7300E3C597 /* RoomListViewController.swift in Sources */,
				F35859DF28007CDD00E3C597 /* Room.swift in Sources */,
				F385D48F2804A014009E3698 /* PeopleViewModel.swift in Sources */,
				F358592F28004C7300E3C597 /* AppDelegate.swift in Sources */,
				F385D47828044C4F009E3698 /* RoomCollectionViewCell.swift in Sources */,
				F3585A8E280324C000E3C597 /* Box.swift in Sources */,
				F3ED5576280546B600721649 /* SquadBaseViewController.swift in Sources */,
				F35859EC280087CC00E3C597 /* PeopleListViewModel.swift in Sources */,
				F3ED55612804DC2A00721649 /* UIApplicationExtension.swift in Sources */,
				F3585A072800987000E3C597 /* BundleExtension.swift in Sources */,
				F3585A1C28016F7B00E3C597 /* SplashScreenViewController.swift in Sources */,
				F385D4942804B6BD009E3698 /* MainAppCoordinator.swift in Sources */,
				F358593128004C7300E3C597 /* SceneDelegate.swift in Sources */,
				F3585A03280092B000E3C597 /* SquadError.swift in Sources */,
				F3585A142800FE5800E3C597 /* DateFormatterExtension.swift in Sources */,
				F3585A0C2800996C00E3C597 /* AppConstants.swift in Sources */,
				F385D47D280479D2009E3698 /* UIViewExtension.swift in Sources */,
				F3585A852802E4A100E3C597 /* UIViewControllerExtension.swift in Sources */,
				F385D48728049CA0009E3698 /* PeopleDetailViewController.swift in Sources */,
				F35859DB28007ACC00E3C597 /* People.swift in Sources */,
				F35859F0280087ED00E3C597 /* RoomViewModel.swift in Sources */,
				F3585A9228032BF800E3C597 /* PeopleTableViewCell.swift in Sources */,
			);
			runOnlyForDeploymentPostprocessing = 0;
		};
		F358593D28004C7400E3C597 /* Sources */ = {
			isa = PBXSourcesBuildPhase;
			buildActionMask = 2147483647;
			files = (
				F35859F1280087ED00E3C597 /* RoomViewModel.swift in Sources */,
				F3ED55662804DC4500721649 /* Launcher.swift in Sources */,
				F3ED5577280546B600721649 /* SquadBaseViewController.swift in Sources */,
				F385D4902804A014009E3698 /* PeopleViewModel.swift in Sources */,
				F385D47928044C51009E3698 /* RoomCollectionViewCell.swift in Sources */,
				F3585A082800987000E3C597 /* BundleExtension.swift in Sources */,
				F385D48828049CA0009E3698 /* PeopleDetailViewController.swift in Sources */,
				F3585A1D28016F7B00E3C597 /* SplashScreenViewController.swift in Sources */,
				F35859FA28008F0E00E3C597 /* PeopleListViewController.swift in Sources */,
				F3585A862802E4A100E3C597 /* UIViewControllerExtension.swift in Sources */,
				F35859DC28007ACC00E3C597 /* People.swift in Sources */,
				F3585A04280092B000E3C597 /* SquadError.swift in Sources */,
				F385D4952804B6BD009E3698 /* MainAppCoordinator.swift in Sources */,
				F3585A9328032BF800E3C597 /* PeopleTableViewCell.swift in Sources */,
				F35859FF280090BB00E3C597 /* NetworkManager.swift in Sources */,
				F35859ED280087CC00E3C597 /* PeopleListViewModel.swift in Sources */,
				F3585A8F280324C000E3C597 /* Box.swift in Sources */,
				F3585A972803300D00E3C597 /* UITableViewExtension.swift in Sources */,
				F358594628004C7400E3C597 /* SquadTests.swift in Sources */,
				F35859E028007CDD00E3C597 /* Room.swift in Sources */,
				F3585A152800FE5800E3C597 /* DateFormatterExtension.swift in Sources */,
				F3585A722802CA2F00E3C597 /* SquadTabBarViewController.swift in Sources */,
				F3D25F2628035B5700C13FCF /* UICollectionViewExtension.swift in Sources */,
				F3585A8B28030A8900E3C597 /* RoomListViewController.swift in Sources */,
				F3ED556A2804DC9A00721649 /* SquadRouter.swift in Sources */,
				F3ED55622804DC2A00721649 /* UIApplicationExtension.swift in Sources */,
				F3585A762802CAC800E3C597 /* SquadNavigationController.swift in Sources */,
				F3585A7A2802DA6300E3C597 /* StoryboardExtension.swift in Sources */,
				F3585A0D2800996C00E3C597 /* AppConstants.swift in Sources */,
			);
			runOnlyForDeploymentPostprocessing = 0;
		};
		F358594828004C7400E3C597 /* Sources */ = {
			isa = PBXSourcesBuildPhase;
			buildActionMask = 2147483647;
			files = (
				F35859F2280087ED00E3C597 /* RoomViewModel.swift in Sources */,
				F3ED55672804DC4500721649 /* Launcher.swift in Sources */,
				F3ED5578280546B600721649 /* SquadBaseViewController.swift in Sources */,
				F385D4912804A014009E3698 /* PeopleViewModel.swift in Sources */,
				F385D47A28044C51009E3698 /* RoomCollectionViewCell.swift in Sources */,
				F3585A092800987000E3C597 /* BundleExtension.swift in Sources */,
				F385D48928049CA0009E3698 /* PeopleDetailViewController.swift in Sources */,
				F3585A1E28016F7B00E3C597 /* SplashScreenViewController.swift in Sources */,
				F35859FB28008F0E00E3C597 /* PeopleListViewController.swift in Sources */,
				F3585A872802E4A100E3C597 /* UIViewControllerExtension.swift in Sources */,
				F35859DD28007ACC00E3C597 /* People.swift in Sources */,
				F3585A05280092B000E3C597 /* SquadError.swift in Sources */,
				F385D4962804B6BD009E3698 /* MainAppCoordinator.swift in Sources */,
				F3585A9428032BF800E3C597 /* PeopleTableViewCell.swift in Sources */,
				F3585A00280090BB00E3C597 /* NetworkManager.swift in Sources */,
				F35859EE280087CC00E3C597 /* PeopleListViewModel.swift in Sources */,
				F3585A90280324C000E3C597 /* Box.swift in Sources */,
				F3585A982803300D00E3C597 /* UITableViewExtension.swift in Sources */,
				F358595128004C7400E3C597 /* SquadUITests.swift in Sources */,
				F35859E128007CDD00E3C597 /* Room.swift in Sources */,
				F3585A162800FE5800E3C597 /* DateFormatterExtension.swift in Sources */,
				F3585A732802CA2F00E3C597 /* SquadTabBarViewController.swift in Sources */,
				F3D25F2728035B5700C13FCF /* UICollectionViewExtension.swift in Sources */,
				F3585A8C28030A8900E3C597 /* RoomListViewController.swift in Sources */,
				F3ED556B2804DC9A00721649 /* SquadRouter.swift in Sources */,
				F3ED55632804DC2A00721649 /* UIApplicationExtension.swift in Sources */,
				F3585A772802CAC800E3C597 /* SquadNavigationController.swift in Sources */,
				F3585A7B2802DA6300E3C597 /* StoryboardExtension.swift in Sources */,
				F3585A0E2800996C00E3C597 /* AppConstants.swift in Sources */,
			);
			runOnlyForDeploymentPostprocessing = 0;
		};
/* End PBXSourcesBuildPhase section */

/* Begin PBXTargetDependency section */
		F358594328004C7400E3C597 /* PBXTargetDependency */ = {
			isa = PBXTargetDependency;
			target = F358592A28004C7300E3C597 /* Squad */;
			targetProxy = F358594228004C7400E3C597 /* PBXContainerItemProxy */;
		};
		F358594E28004C7400E3C597 /* PBXTargetDependency */ = {
			isa = PBXTargetDependency;
			target = F358592A28004C7300E3C597 /* Squad */;
			targetProxy = F358594D28004C7400E3C597 /* PBXContainerItemProxy */;
		};
/* End PBXTargetDependency section */

/* Begin PBXVariantGroup section */
		F358593428004C7300E3C597 /* Onboarding.storyboard */ = {
			isa = PBXVariantGroup;
			children = (
				F358593528004C7300E3C597 /* Base */,
			);
			name = Onboarding.storyboard;
			sourceTree = "<group>";
		};
		F358593928004C7400E3C597 /* LaunchScreen.storyboard */ = {
			isa = PBXVariantGroup;
			children = (
				F358593A28004C7400E3C597 /* Base */,
			);
			name = LaunchScreen.storyboard;
			sourceTree = "<group>";
		};
		F35859D12800770800E3C597 /* Localizable.strings */ = {
			isa = PBXVariantGroup;
			children = (
				F35859D02800770800E3C597 /* en */,
			);
			name = Localizable.strings;
			sourceTree = "<group>";
		};
/* End PBXVariantGroup section */

/* Begin XCBuildConfiguration section */
		F358595328004C7400E3C597 /* Debug */ = {
			isa = XCBuildConfiguration;
			buildSettings = {
				ALWAYS_SEARCH_USER_PATHS = NO;
				CLANG_ANALYZER_NONNULL = YES;
				CLANG_ANALYZER_NUMBER_OBJECT_CONVERSION = YES_AGGRESSIVE;
				CLANG_CXX_LANGUAGE_STANDARD = "gnu++14";
				CLANG_CXX_LIBRARY = "libc++";
				CLANG_ENABLE_MODULES = YES;
				CLANG_ENABLE_OBJC_ARC = YES;
				CLANG_ENABLE_OBJC_WEAK = YES;
				CLANG_WARN_BLOCK_CAPTURE_AUTORELEASING = YES;
				CLANG_WARN_BOOL_CONVERSION = YES;
				CLANG_WARN_COMMA = YES;
				CLANG_WARN_CONSTANT_CONVERSION = YES;
				CLANG_WARN_DEPRECATED_OBJC_IMPLEMENTATIONS = YES;
				CLANG_WARN_DIRECT_OBJC_ISA_USAGE = YES_ERROR;
				CLANG_WARN_DOCUMENTATION_COMMENTS = YES;
				CLANG_WARN_EMPTY_BODY = YES;
				CLANG_WARN_ENUM_CONVERSION = YES;
				CLANG_WARN_INFINITE_RECURSION = YES;
				CLANG_WARN_INT_CONVERSION = YES;
				CLANG_WARN_NON_LITERAL_NULL_CONVERSION = YES;
				CLANG_WARN_OBJC_IMPLICIT_RETAIN_SELF = YES;
				CLANG_WARN_OBJC_LITERAL_CONVERSION = YES;
				CLANG_WARN_OBJC_ROOT_CLASS = YES_ERROR;
				CLANG_WARN_QUOTED_INCLUDE_IN_FRAMEWORK_HEADER = YES;
				CLANG_WARN_RANGE_LOOP_ANALYSIS = YES;
				CLANG_WARN_STRICT_PROTOTYPES = YES;
				CLANG_WARN_SUSPICIOUS_MOVE = YES;
				CLANG_WARN_UNGUARDED_AVAILABILITY = YES_AGGRESSIVE;
				CLANG_WARN_UNREACHABLE_CODE = YES;
				CLANG_WARN__DUPLICATE_METHOD_MATCH = YES;
				COPY_PHASE_STRIP = NO;
				DEBUG_INFORMATION_FORMAT = dwarf;
				ENABLE_STRICT_OBJC_MSGSEND = YES;
				ENABLE_TESTABILITY = YES;
				GCC_C_LANGUAGE_STANDARD = gnu11;
				GCC_DYNAMIC_NO_PIC = NO;
				GCC_NO_COMMON_BLOCKS = YES;
				GCC_OPTIMIZATION_LEVEL = 0;
				GCC_PREPROCESSOR_DEFINITIONS = (
					"DEBUG=1",
					"$(inherited)",
				);
				GCC_WARN_64_TO_32_BIT_CONVERSION = YES;
				GCC_WARN_ABOUT_RETURN_TYPE = YES_ERROR;
				GCC_WARN_UNDECLARED_SELECTOR = YES;
				GCC_WARN_UNINITIALIZED_AUTOS = YES_AGGRESSIVE;
				GCC_WARN_UNUSED_FUNCTION = YES;
				GCC_WARN_UNUSED_VARIABLE = YES;
				IPHONEOS_DEPLOYMENT_TARGET = 11.0;
				MTL_ENABLE_DEBUG_INFO = INCLUDE_SOURCE;
				MTL_FAST_MATH = YES;
				ONLY_ACTIVE_ARCH = NO;
				SDKROOT = iphoneos;
				SWIFT_ACTIVE_COMPILATION_CONDITIONS = DEBUG;
				SWIFT_OPTIMIZATION_LEVEL = "-Onone";
			};
			name = Debug;
		};
		F358595428004C7400E3C597 /* Release */ = {
			isa = XCBuildConfiguration;
			buildSettings = {
				ALWAYS_SEARCH_USER_PATHS = NO;
				CLANG_ANALYZER_NONNULL = YES;
				CLANG_ANALYZER_NUMBER_OBJECT_CONVERSION = YES_AGGRESSIVE;
				CLANG_CXX_LANGUAGE_STANDARD = "gnu++14";
				CLANG_CXX_LIBRARY = "libc++";
				CLANG_ENABLE_MODULES = YES;
				CLANG_ENABLE_OBJC_ARC = YES;
				CLANG_ENABLE_OBJC_WEAK = YES;
				CLANG_WARN_BLOCK_CAPTURE_AUTORELEASING = YES;
				CLANG_WARN_BOOL_CONVERSION = YES;
				CLANG_WARN_COMMA = YES;
				CLANG_WARN_CONSTANT_CONVERSION = YES;
				CLANG_WARN_DEPRECATED_OBJC_IMPLEMENTATIONS = YES;
				CLANG_WARN_DIRECT_OBJC_ISA_USAGE = YES_ERROR;
				CLANG_WARN_DOCUMENTATION_COMMENTS = YES;
				CLANG_WARN_EMPTY_BODY = YES;
				CLANG_WARN_ENUM_CONVERSION = YES;
				CLANG_WARN_INFINITE_RECURSION = YES;
				CLANG_WARN_INT_CONVERSION = YES;
				CLANG_WARN_NON_LITERAL_NULL_CONVERSION = YES;
				CLANG_WARN_OBJC_IMPLICIT_RETAIN_SELF = YES;
				CLANG_WARN_OBJC_LITERAL_CONVERSION = YES;
				CLANG_WARN_OBJC_ROOT_CLASS = YES_ERROR;
				CLANG_WARN_QUOTED_INCLUDE_IN_FRAMEWORK_HEADER = YES;
				CLANG_WARN_RANGE_LOOP_ANALYSIS = YES;
				CLANG_WARN_STRICT_PROTOTYPES = YES;
				CLANG_WARN_SUSPICIOUS_MOVE = YES;
				CLANG_WARN_UNGUARDED_AVAILABILITY = YES_AGGRESSIVE;
				CLANG_WARN_UNREACHABLE_CODE = YES;
				CLANG_WARN__DUPLICATE_METHOD_MATCH = YES;
				COPY_PHASE_STRIP = NO;
				DEBUG_INFORMATION_FORMAT = "dwarf-with-dsym";
				ENABLE_NS_ASSERTIONS = NO;
				ENABLE_STRICT_OBJC_MSGSEND = YES;
				GCC_C_LANGUAGE_STANDARD = gnu11;
				GCC_NO_COMMON_BLOCKS = YES;
				GCC_WARN_64_TO_32_BIT_CONVERSION = YES;
				GCC_WARN_ABOUT_RETURN_TYPE = YES_ERROR;
				GCC_WARN_UNDECLARED_SELECTOR = YES;
				GCC_WARN_UNINITIALIZED_AUTOS = YES_AGGRESSIVE;
				GCC_WARN_UNUSED_FUNCTION = YES;
				GCC_WARN_UNUSED_VARIABLE = YES;
				IPHONEOS_DEPLOYMENT_TARGET = 11.0;
				MTL_ENABLE_DEBUG_INFO = NO;
				MTL_FAST_MATH = YES;
				SDKROOT = iphoneos;
				SWIFT_COMPILATION_MODE = wholemodule;
				SWIFT_OPTIMIZATION_LEVEL = "-O";
				VALIDATE_PRODUCT = YES;
			};
			name = Release;
		};
		F358595628004C7400E3C597 /* Debug */ = {
			isa = XCBuildConfiguration;
			buildSettings = {
				ASSETCATALOG_COMPILER_APPICON_NAME = AppIcon;
				ASSETCATALOG_COMPILER_GLOBAL_ACCENT_COLOR_NAME = AccentColor;
				BASE_URL = "https://61e947967bc0550017bc61bf.mockapi.io/api/";
				BUILD_TYPE = Development;
				CODE_SIGN_STYLE = Manual;
				DEVELOPMENT_TEAM = "";
				INFOPLIST_FILE = Squad/Info.plist;
				IPHONEOS_DEPLOYMENT_TARGET = 11.0;
				LD_RUNPATH_SEARCH_PATHS = (
					"$(inherited)",
					"@executable_path/Frameworks",
				);
				ONLY_ACTIVE_ARCH = YES;
				PRODUCT_BUNDLE_IDENTIFIER = com.vm.Squad;
				PRODUCT_NAME = "$(TARGET_NAME)";
				PROVISIONING_PROFILE_SPECIFIER = "";
				SWIFT_ACTIVE_COMPILATION_CONDITIONS = DEBUG;
				SWIFT_VERSION = 5.0;
				TARGETED_DEVICE_FAMILY = "1,2";
			};
			name = Debug;
		};
		F358595728004C7400E3C597 /* Release */ = {
			isa = XCBuildConfiguration;
			buildSettings = {
				ASSETCATALOG_COMPILER_APPICON_NAME = AppIcon;
				ASSETCATALOG_COMPILER_GLOBAL_ACCENT_COLOR_NAME = AccentColor;
				BASE_URL = "https://61e947967bc0550017bc61bf.mockapi.io/api/";
				BUILD_TYPE = Production;
				CODE_SIGN_STYLE = Manual;
				DEVELOPMENT_TEAM = "";
				INFOPLIST_FILE = Squad/Info.plist;
				IPHONEOS_DEPLOYMENT_TARGET = 11.0;
				LD_RUNPATH_SEARCH_PATHS = (
					"$(inherited)",
					"@executable_path/Frameworks",
				);
				ONLY_ACTIVE_ARCH = YES;
				PRODUCT_BUNDLE_IDENTIFIER = com.vm.Squad;
				PRODUCT_NAME = "$(TARGET_NAME)";
				PROVISIONING_PROFILE_SPECIFIER = "";
				SWIFT_ACTIVE_COMPILATION_CONDITIONS = "";
				SWIFT_VERSION = 5.0;
				TARGETED_DEVICE_FAMILY = "1,2";
			};
			name = Release;
		};
		F358595928004C7400E3C597 /* Debug */ = {
			isa = XCBuildConfiguration;
			buildSettings = {
				ALWAYS_EMBED_SWIFT_STANDARD_LIBRARIES = YES;
				BUNDLE_LOADER = "$(TEST_HOST)";
				CODE_SIGN_STYLE = Automatic;
				INFOPLIST_FILE = SquadTests/Info.plist;
				IPHONEOS_DEPLOYMENT_TARGET = 14.5;
				LD_RUNPATH_SEARCH_PATHS = (
					"$(inherited)",
					"@executable_path/Frameworks",
					"@loader_path/Frameworks",
				);
				PRODUCT_BUNDLE_IDENTIFIER = com.vm.SquadTests;
				PRODUCT_NAME = "$(TARGET_NAME)";
				SWIFT_VERSION = 5.0;
				TARGETED_DEVICE_FAMILY = "1,2";
				TEST_HOST = "$(BUILT_PRODUCTS_DIR)/Squad.app/Squad";
			};
			name = Debug;
		};
		F358595A28004C7400E3C597 /* Release */ = {
			isa = XCBuildConfiguration;
			buildSettings = {
				ALWAYS_EMBED_SWIFT_STANDARD_LIBRARIES = YES;
				BUNDLE_LOADER = "$(TEST_HOST)";
				CODE_SIGN_STYLE = Automatic;
				INFOPLIST_FILE = SquadTests/Info.plist;
				IPHONEOS_DEPLOYMENT_TARGET = 14.5;
				LD_RUNPATH_SEARCH_PATHS = (
					"$(inherited)",
					"@executable_path/Frameworks",
					"@loader_path/Frameworks",
				);
				PRODUCT_BUNDLE_IDENTIFIER = com.vm.SquadTests;
				PRODUCT_NAME = "$(TARGET_NAME)";
				SWIFT_VERSION = 5.0;
				TARGETED_DEVICE_FAMILY = "1,2";
				TEST_HOST = "$(BUILT_PRODUCTS_DIR)/Squad.app/Squad";
			};
			name = Release;
		};
		F358595C28004C7400E3C597 /* Debug */ = {
			isa = XCBuildConfiguration;
			buildSettings = {
				ALWAYS_EMBED_SWIFT_STANDARD_LIBRARIES = YES;
				CODE_SIGN_STYLE = Automatic;
				INFOPLIST_FILE = SquadUITests/Info.plist;
				LD_RUNPATH_SEARCH_PATHS = (
					"$(inherited)",
					"@executable_path/Frameworks",
					"@loader_path/Frameworks",
				);
				PRODUCT_BUNDLE_IDENTIFIER = com.vm.SquadUITests;
				PRODUCT_NAME = "$(TARGET_NAME)";
				SWIFT_VERSION = 5.0;
				TARGETED_DEVICE_FAMILY = "1,2";
				TEST_TARGET_NAME = Squad;
			};
			name = Debug;
		};
		F358595D28004C7400E3C597 /* Release */ = {
			isa = XCBuildConfiguration;
			buildSettings = {
				ALWAYS_EMBED_SWIFT_STANDARD_LIBRARIES = YES;
				CODE_SIGN_STYLE = Automatic;
				INFOPLIST_FILE = SquadUITests/Info.plist;
				LD_RUNPATH_SEARCH_PATHS = (
					"$(inherited)",
					"@executable_path/Frameworks",
					"@loader_path/Frameworks",
				);
				PRODUCT_BUNDLE_IDENTIFIER = com.vm.SquadUITests;
				PRODUCT_NAME = "$(TARGET_NAME)";
				SWIFT_VERSION = 5.0;
				TARGETED_DEVICE_FAMILY = "1,2";
				TEST_TARGET_NAME = Squad;
			};
			name = Release;
		};
/* End XCBuildConfiguration section */

/* Begin XCConfigurationList section */
		F358592628004C7300E3C597 /* Build configuration list for PBXProject "Squad" */ = {
			isa = XCConfigurationList;
			buildConfigurations = (
				F358595328004C7400E3C597 /* Debug */,
				F358595428004C7400E3C597 /* Release */,
			);
			defaultConfigurationIsVisible = 0;
			defaultConfigurationName = Release;
		};
		F358595528004C7400E3C597 /* Build configuration list for PBXNativeTarget "Squad" */ = {
			isa = XCConfigurationList;
			buildConfigurations = (
				F358595628004C7400E3C597 /* Debug */,
				F358595728004C7400E3C597 /* Release */,
			);
			defaultConfigurationIsVisible = 0;
			defaultConfigurationName = Release;
		};
		F358595828004C7400E3C597 /* Build configuration list for PBXNativeTarget "SquadTests" */ = {
			isa = XCConfigurationList;
			buildConfigurations = (
				F358595928004C7400E3C597 /* Debug */,
				F358595A28004C7400E3C597 /* Release */,
			);
			defaultConfigurationIsVisible = 0;
			defaultConfigurationName = Release;
		};
		F358595B28004C7400E3C597 /* Build configuration list for PBXNativeTarget "SquadUITests" */ = {
			isa = XCConfigurationList;
			buildConfigurations = (
				F358595C28004C7400E3C597 /* Debug */,
				F358595D28004C7400E3C597 /* Release */,
			);
			defaultConfigurationIsVisible = 0;
			defaultConfigurationName = Release;
		};
/* End XCConfigurationList section */
	};
	rootObject = F358592328004C7300E3C597 /* Project object */;
}
